{
  "name": "FlowerPetals",
  "lockfileVersion": 2,
  "requires": true,
  "packages": {
    "": {
      "devDependencies": {
        "graceful-fs": "^4.2.5"
      }
    },
    "node_modules/graceful-fs": {
      "version": "4.2.5",
      "resolved": "https://registry.npmjs.org/graceful-fs/-/graceful-fs-4.2.5.tgz",
      "integrity": "sha512-kBBSQbz2K0Nyn+31j/w36fUfxkBW9/gfwRWdUY1ULReH3iokVJgddZAFcD1D0xlgTmFxJCbUkUclAlc6/IDJkw==",
      "dev": true
    }
  },
  "dependencies": {
    "graceful-fs": {
      "version": "4.2.5",
      "resolved": "https://registry.npmjs.org/graceful-fs/-/graceful-fs-4.2.5.tgz",
      "integrity": "sha512-kBBSQbz2K0Nyn+31j/w36fUfxkBW9/gfwRWdUY1ULReH3iokVJgddZAFcD1D0xlgTmFxJCbUkUclAlc6/IDJkw==",
      "dev": true
    }
  }
}
